// !$*UTF8*$!
{
	archiveVersion = 1;
	classes = {
	};
	objectVersion = 46;
	objects = {

/* Begin PBXBuildFile section */
		460A156D1E6072CA006285F8 /* Realm.framework in Frameworks */ = {isa = PBXBuildFile; fileRef = 460A156B1E6072CA006285F8 /* Realm.framework */; };
		460A156E1E6072CA006285F8 /* RealmSwift.framework in Frameworks */ = {isa = PBXBuildFile; fileRef = 460A156C1E6072CA006285F8 /* RealmSwift.framework */; };
		4638062D1E5D35DD00BD117F /* AppDelegate.swift in Sources */ = {isa = PBXBuildFile; fileRef = 4638062C1E5D35DD00BD117F /* AppDelegate.swift */; };
		4638062F1E5D35DD00BD117F /* MainViewController.swift in Sources */ = {isa = PBXBuildFile; fileRef = 4638062E1E5D35DD00BD117F /* MainViewController.swift */; };
		463806321E5D35DD00BD117F /* Main.storyboard in Resources */ = {isa = PBXBuildFile; fileRef = 463806301E5D35DD00BD117F /* Main.storyboard */; };
		463806341E5D35DD00BD117F /* Assets.xcassets in Resources */ = {isa = PBXBuildFile; fileRef = 463806331E5D35DD00BD117F /* Assets.xcassets */; };
		463806371E5D35DD00BD117F /* LaunchScreen.storyboard in Resources */ = {isa = PBXBuildFile; fileRef = 463806351E5D35DD00BD117F /* LaunchScreen.storyboard */; };
		463806451E5D3F1100BD117F /* hosaka.wav in Resources */ = {isa = PBXBuildFile; fileRef = 463806411E5D3F1100BD117F /* hosaka.wav */; };
		463806461E5D3F1100BD117F /* kirin.wav in Resources */ = {isa = PBXBuildFile; fileRef = 463806421E5D3F1100BD117F /* kirin.wav */; };
		463806481E5D3F1100BD117F /* touyou.wav in Resources */ = {isa = PBXBuildFile; fileRef = 463806441E5D3F1100BD117F /* touyou.wav */; };
		4638064A1E5D3F5200BD117F /* taguchi.wav in Resources */ = {isa = PBXBuildFile; fileRef = 463806491E5D3F5200BD117F /* taguchi.wav */; };
		463806501E5D5C1C00BD117F /* logotypejp_mp_b_1.ttf in Resources */ = {isa = PBXBuildFile; fileRef = 4638064F1E5D591600BD117F /* logotypejp_mp_b_1.ttf */; };
		463806541E5D673300BD117F /* CustomTableViewCell.swift in Sources */ = {isa = PBXBuildFile; fileRef = 463806531E5D673300BD117F /* CustomTableViewCell.swift */; };
		463806631E5E7CBD00BD117F /* File.swift in Sources */ = {isa = PBXBuildFile; fileRef = 4638065F1E5E7CBD00BD117F /* File.swift */; };
		463806641E5E7CBD00BD117F /* Filer.swift in Sources */ = {isa = PBXBuildFile; fileRef = 463806601E5E7CBD00BD117F /* Filer.swift */; };
		463806651E5E7CBD00BD117F /* FileReader.swift in Sources */ = {isa = PBXBuildFile; fileRef = 463806611E5E7CBD00BD117F /* FileReader.swift */; };
		463806661E5E7CBD00BD117F /* FileWriter.swift in Sources */ = {isa = PBXBuildFile; fileRef = 463806621E5E7CBD00BD117F /* FileWriter.swift */; };
		463C44C61E5ED046009FAAB7 /* EZAudioiOS.framework in Frameworks */ = {isa = PBXBuildFile; fileRef = 463C44C51E5ED046009FAAB7 /* EZAudioiOS.framework */; };
		465E3DE61E61C60000DFE979 /* SoundData.swift in Sources */ = {isa = PBXBuildFile; fileRef = 465E3DE51E61C60000DFE979 /* SoundData.swift */; };
		467230B31E5E8C8600350F0F /* 1korekara_cut.wav in Resources */ = {isa = PBXBuildFile; fileRef = 467230A31E5E8C8600350F0F /* 1korekara_cut.wav */; };
		467230B41E5E8C8600350F0F /* 2korekara_cut.wav in Resources */ = {isa = PBXBuildFile; fileRef = 467230A41E5E8C8600350F0F /* 2korekara_cut.wav */; };
		467230B51E5E8C8600350F0F /* 3apuri_cut.wav in Resources */ = {isa = PBXBuildFile; fileRef = 467230A51E5E8C8600350F0F /* 3apuri_cut.wav */; };
		467230B61E5E8C8600350F0F /* 4setumei_cut.wav in Resources */ = {isa = PBXBuildFile; fileRef = 467230A61E5E8C8600350F0F /* 4setumei_cut.wav */; };
		467230B71E5E8C8600350F0F /* 5suruze_cut.wav in Resources */ = {isa = PBXBuildFile; fileRef = 467230A71E5E8C8600350F0F /* 5suruze_cut.wav */; };
		467230B81E5E8C8600350F0F /* 6onsei_cut.wav in Resources */ = {isa = PBXBuildFile; fileRef = 467230A81E5E8C8600350F0F /* 6onsei_cut.wav */; };
		467230B91E5E8C8600350F0F /* 7rokuon_cut.wav in Resources */ = {isa = PBXBuildFile; fileRef = 467230A91E5E8C8600350F0F /* 7rokuon_cut.wav */; };
		467230BA1E5E8C8600350F0F /* 8minnnawo_cut.wav in Resources */ = {isa = PBXBuildFile; fileRef = 467230AA1E5E8C8600350F0F /* 8minnnawo_cut.wav */; };
		467230BB1E5E8C8600350F0F /* 9rockon_cut.wav in Resources */ = {isa = PBXBuildFile; fileRef = 467230AB1E5E8C8600350F0F /* 9rockon_cut.wav */; };
		467230BC1E5E8C8600350F0F /* 10korede_cut.wav in Resources */ = {isa = PBXBuildFile; fileRef = 467230AC1E5E8C8600350F0F /* 10korede_cut.wav */; };
		467230BD1E5E8C8600350F0F /* 11yourname_cut.wav in Resources */ = {isa = PBXBuildFile; fileRef = 467230AD1E5E8C8600350F0F /* 11yourname_cut.wav */; };
		467230BE1E5E8C8600350F0F /* 12todoroku_cut.wav in Resources */ = {isa = PBXBuildFile; fileRef = 467230AE1E5E8C8600350F0F /* 12todoroku_cut.wav */; };
		467230BF1E5E8C8600350F0F /* 13menber_cut.wav in Resources */ = {isa = PBXBuildFile; fileRef = 467230AF1E5E8C8600350F0F /* 13menber_cut.wav */; };
		467230C01E5E8C8600350F0F /* 14menta-_cut.wav in Resources */ = {isa = PBXBuildFile; fileRef = 467230B01E5E8C8600350F0F /* 14menta-_cut.wav */; };
		467230C11E5E8C8600350F0F /* 15minnade_cut.wav in Resources */ = {isa = PBXBuildFile; fileRef = 467230B11E5E8C8600350F0F /* 15minnade_cut.wav */; };
		467230C21E5E8C8600350F0F /* 16chekera_cut.wav in Resources */ = {isa = PBXBuildFile; fileRef = 467230B21E5E8C8600350F0F /* 16chekera_cut.wav */; };
/* End PBXBuildFile section */

/* Begin PBXFileReference section */
		460A156B1E6072CA006285F8 /* Realm.framework */ = {isa = PBXFileReference; lastKnownFileType = wrapper.framework; name = Realm.framework; path = Carthage/Build/iOS/Realm.framework; sourceTree = "<group>"; };
		460A156C1E6072CA006285F8 /* RealmSwift.framework */ = {isa = PBXFileReference; lastKnownFileType = wrapper.framework; name = RealmSwift.framework; path = Carthage/Build/iOS/RealmSwift.framework; sourceTree = "<group>"; };
		463806291E5D35DD00BD117F /* Checkitout.app */ = {isa = PBXFileReference; explicitFileType = wrapper.application; includeInIndex = 0; path = Checkitout.app; sourceTree = BUILT_PRODUCTS_DIR; };
		4638062C1E5D35DD00BD117F /* AppDelegate.swift */ = {isa = PBXFileReference; lastKnownFileType = sourcecode.swift; path = AppDelegate.swift; sourceTree = "<group>"; };
		4638062E1E5D35DD00BD117F /* MainViewController.swift */ = {isa = PBXFileReference; lastKnownFileType = sourcecode.swift; path = MainViewController.swift; sourceTree = "<group>"; };
		463806311E5D35DD00BD117F /* Base */ = {isa = PBXFileReference; lastKnownFileType = file.storyboard; name = Base; path = Base.lproj/Main.storyboard; sourceTree = "<group>"; };
		463806331E5D35DD00BD117F /* Assets.xcassets */ = {isa = PBXFileReference; lastKnownFileType = folder.assetcatalog; path = Assets.xcassets; sourceTree = "<group>"; };
		463806361E5D35DD00BD117F /* Base */ = {isa = PBXFileReference; lastKnownFileType = file.storyboard; name = Base; path = Base.lproj/LaunchScreen.storyboard; sourceTree = "<group>"; };
		463806381E5D35DD00BD117F /* Info.plist */ = {isa = PBXFileReference; lastKnownFileType = text.plist.xml; path = Info.plist; sourceTree = "<group>"; };
		463806411E5D3F1100BD117F /* hosaka.wav */ = {isa = PBXFileReference; lastKnownFileType = audio.wav; path = hosaka.wav; sourceTree = "<group>"; };
		463806421E5D3F1100BD117F /* kirin.wav */ = {isa = PBXFileReference; lastKnownFileType = audio.wav; path = kirin.wav; sourceTree = "<group>"; };
		463806441E5D3F1100BD117F /* touyou.wav */ = {isa = PBXFileReference; lastKnownFileType = audio.wav; path = touyou.wav; sourceTree = "<group>"; };
		463806491E5D3F5200BD117F /* taguchi.wav */ = {isa = PBXFileReference; lastKnownFileType = audio.wav; path = taguchi.wav; sourceTree = "<group>"; };
		4638064F1E5D591600BD117F /* logotypejp_mp_b_1.ttf */ = {isa = PBXFileReference; lastKnownFileType = file; path = logotypejp_mp_b_1.ttf; sourceTree = "<group>"; };
		463806531E5D673300BD117F /* CustomTableViewCell.swift */ = {isa = PBXFileReference; fileEncoding = 4; lastKnownFileType = sourcecode.swift; path = CustomTableViewCell.swift; sourceTree = "<group>"; };
		4638065F1E5E7CBD00BD117F /* File.swift */ = {isa = PBXFileReference; fileEncoding = 4; lastKnownFileType = sourcecode.swift; path = File.swift; sourceTree = "<group>"; };
		463806601E5E7CBD00BD117F /* Filer.swift */ = {isa = PBXFileReference; fileEncoding = 4; lastKnownFileType = sourcecode.swift; path = Filer.swift; sourceTree = "<group>"; };
		463806611E5E7CBD00BD117F /* FileReader.swift */ = {isa = PBXFileReference; fileEncoding = 4; lastKnownFileType = sourcecode.swift; path = FileReader.swift; sourceTree = "<group>"; };
		463806621E5E7CBD00BD117F /* FileWriter.swift */ = {isa = PBXFileReference; fileEncoding = 4; lastKnownFileType = sourcecode.swift; path = FileWriter.swift; sourceTree = "<group>"; };
		463C44C51E5ED046009FAAB7 /* EZAudioiOS.framework */ = {isa = PBXFileReference; lastKnownFileType = wrapper.framework; name = EZAudioiOS.framework; path = Carthage/Build/iOS/EZAudioiOS.framework; sourceTree = "<group>"; };
		465E3DE51E61C60000DFE979 /* SoundData.swift */ = {isa = PBXFileReference; fileEncoding = 4; lastKnownFileType = sourcecode.swift; name = SoundData.swift; path = Model/SoundData.swift; sourceTree = "<group>"; };
		467230A31E5E8C8600350F0F /* 1korekara_cut.wav */ = {isa = PBXFileReference; lastKnownFileType = audio.wav; path = 1korekara_cut.wav; sourceTree = "<group>"; };
		467230A41E5E8C8600350F0F /* 2korekara_cut.wav */ = {isa = PBXFileReference; lastKnownFileType = audio.wav; path = 2korekara_cut.wav; sourceTree = "<group>"; };
		467230A51E5E8C8600350F0F /* 3apuri_cut.wav */ = {isa = PBXFileReference; lastKnownFileType = audio.wav; path = 3apuri_cut.wav; sourceTree = "<group>"; };
		467230A61E5E8C8600350F0F /* 4setumei_cut.wav */ = {isa = PBXFileReference; lastKnownFileType = audio.wav; path = 4setumei_cut.wav; sourceTree = "<group>"; };
		467230A71E5E8C8600350F0F /* 5suruze_cut.wav */ = {isa = PBXFileReference; lastKnownFileType = audio.wav; path = 5suruze_cut.wav; sourceTree = "<group>"; };
		467230A81E5E8C8600350F0F /* 6onsei_cut.wav */ = {isa = PBXFileReference; lastKnownFileType = audio.wav; path = 6onsei_cut.wav; sourceTree = "<group>"; };
		467230A91E5E8C8600350F0F /* 7rokuon_cut.wav */ = {isa = PBXFileReference; lastKnownFileType = audio.wav; path = 7rokuon_cut.wav; sourceTree = "<group>"; };
		467230AA1E5E8C8600350F0F /* 8minnnawo_cut.wav */ = {isa = PBXFileReference; lastKnownFileType = audio.wav; path = 8minnnawo_cut.wav; sourceTree = "<group>"; };
		467230AB1E5E8C8600350F0F /* 9rockon_cut.wav */ = {isa = PBXFileReference; lastKnownFileType = audio.wav; path = 9rockon_cut.wav; sourceTree = "<group>"; };
		467230AC1E5E8C8600350F0F /* 10korede_cut.wav */ = {isa = PBXFileReference; lastKnownFileType = audio.wav; path = 10korede_cut.wav; sourceTree = "<group>"; };
		467230AD1E5E8C8600350F0F /* 11yourname_cut.wav */ = {isa = PBXFileReference; lastKnownFileType = audio.wav; path = 11yourname_cut.wav; sourceTree = "<group>"; };
		467230AE1E5E8C8600350F0F /* 12todoroku_cut.wav */ = {isa = PBXFileReference; lastKnownFileType = audio.wav; path = 12todoroku_cut.wav; sourceTree = "<group>"; };
		467230AF1E5E8C8600350F0F /* 13menber_cut.wav */ = {isa = PBXFileReference; lastKnownFileType = audio.wav; path = 13menber_cut.wav; sourceTree = "<group>"; };
		467230B01E5E8C8600350F0F /* 14menta-_cut.wav */ = {isa = PBXFileReference; lastKnownFileType = audio.wav; path = "14menta-_cut.wav"; sourceTree = "<group>"; };
		467230B11E5E8C8600350F0F /* 15minnade_cut.wav */ = {isa = PBXFileReference; lastKnownFileType = audio.wav; path = 15minnade_cut.wav; sourceTree = "<group>"; };
		467230B21E5E8C8600350F0F /* 16chekera_cut.wav */ = {isa = PBXFileReference; lastKnownFileType = audio.wav; path = 16chekera_cut.wav; sourceTree = "<group>"; };
/* End PBXFileReference section */

/* Begin PBXFrameworksBuildPhase section */
		463806261E5D35DD00BD117F /* Frameworks */ = {
			isa = PBXFrameworksBuildPhase;
			buildActionMask = 2147483647;
			files = (
				460A156D1E6072CA006285F8 /* Realm.framework in Frameworks */,
				460A156E1E6072CA006285F8 /* RealmSwift.framework in Frameworks */,
				463C44C61E5ED046009FAAB7 /* EZAudioiOS.framework in Frameworks */,
			);
			runOnlyForDeploymentPostprocessing = 0;
		};
/* End PBXFrameworksBuildPhase section */

/* Begin PBXGroup section */
		463806201E5D35DD00BD117F = {
			isa = PBXGroup;
			children = (
				4638062B1E5D35DD00BD117F /* Checkitout */,
				74E1C8F8F32B6FA40E4683DD /* Frameworks */,
				4638062A1E5D35DD00BD117F /* Products */,
			);
			sourceTree = "<group>";
		};
		4638062A1E5D35DD00BD117F /* Products */ = {
			isa = PBXGroup;
			children = (
				463806291E5D35DD00BD117F /* Checkitout.app */,
			);
			name = Products;
			sourceTree = "<group>";
		};
		4638062B1E5D35DD00BD117F /* Checkitout */ = {
			isa = PBXGroup;
			children = (
				4638063E1E5D3BFB00BD117F /* AudioSample */,
				4638065E1E5E7CB400BD117F /* Filer */,
				4638062C1E5D35DD00BD117F /* AppDelegate.swift */,
				463806331E5D35DD00BD117F /* Assets.xcassets */,
				463806531E5D673300BD117F /* CustomTableViewCell.swift */,
				463806381E5D35DD00BD117F /* Info.plist */,
				463806351E5D35DD00BD117F /* LaunchScreen.storyboard */,
				463806301E5D35DD00BD117F /* Main.storyboard */,
				4638062E1E5D35DD00BD117F /* MainViewController.swift */,
				465E3DE41E61C59900DFE979 /* Model */,
				4638064F1E5D591600BD117F /* logotypejp_mp_b_1.ttf */,
			);
			path = Checkitout;
			sourceTree = "<group>";
		};
		4638063E1E5D3BFB00BD117F /* AudioSample */ = {
			isa = PBXGroup;
			children = (
				467230AC1E5E8C8600350F0F /* 10korede_cut.wav */,
				467230AD1E5E8C8600350F0F /* 11yourname_cut.wav */,
				467230AE1E5E8C8600350F0F /* 12todoroku_cut.wav */,
				467230AF1E5E8C8600350F0F /* 13menber_cut.wav */,
				467230B01E5E8C8600350F0F /* 14menta-_cut.wav */,
				467230B11E5E8C8600350F0F /* 15minnade_cut.wav */,
				467230B21E5E8C8600350F0F /* 16chekera_cut.wav */,
				467230A31E5E8C8600350F0F /* 1korekara_cut.wav */,
				467230A41E5E8C8600350F0F /* 2korekara_cut.wav */,
				467230A51E5E8C8600350F0F /* 3apuri_cut.wav */,
				467230A61E5E8C8600350F0F /* 4setumei_cut.wav */,
				467230A71E5E8C8600350F0F /* 5suruze_cut.wav */,
				467230A81E5E8C8600350F0F /* 6onsei_cut.wav */,
				467230A91E5E8C8600350F0F /* 7rokuon_cut.wav */,
				467230AA1E5E8C8600350F0F /* 8minnnawo_cut.wav */,
				467230AB1E5E8C8600350F0F /* 9rockon_cut.wav */,
				463806411E5D3F1100BD117F /* hosaka.wav */,
				463806421E5D3F1100BD117F /* kirin.wav */,
				463806491E5D3F5200BD117F /* taguchi.wav */,
				463806441E5D3F1100BD117F /* touyou.wav */,
			);
			path = AudioSample;
			sourceTree = "<group>";
		};
		4638065E1E5E7CB400BD117F /* Filer */ = {
			isa = PBXGroup;
			children = (
				4638065F1E5E7CBD00BD117F /* File.swift */,
				463806611E5E7CBD00BD117F /* FileReader.swift */,
				463806621E5E7CBD00BD117F /* FileWriter.swift */,
				463806601E5E7CBD00BD117F /* Filer.swift */,
			);
			path = Filer;
			sourceTree = "<group>";
		};
		465E3DE41E61C59900DFE979 /* Model */ = {
			isa = PBXGroup;
			children = (
				465E3DE51E61C60000DFE979 /* SoundData.swift */,
			);
			name = Model;
			sourceTree = "<group>";
		};
		74E1C8F8F32B6FA40E4683DD /* Frameworks */ = {
			isa = PBXGroup;
			children = (
				460A156B1E6072CA006285F8 /* Realm.framework */,
				460A156C1E6072CA006285F8 /* RealmSwift.framework */,
				463C44C51E5ED046009FAAB7 /* EZAudioiOS.framework */,
			);
			name = Frameworks;
			sourceTree = "<group>";
		};
/* End PBXGroup section */

/* Begin PBXNativeTarget section */
		463806281E5D35DD00BD117F /* Checkitout */ = {
			isa = PBXNativeTarget;
			buildConfigurationList = 4638063B1E5D35DD00BD117F /* Build configuration list for PBXNativeTarget "Checkitout" */;
			buildPhases = (
				463806251E5D35DD00BD117F /* Sources */,
				463806261E5D35DD00BD117F /* Frameworks */,
				463806271E5D35DD00BD117F /* Resources */,
				463C44C41E5E9166009FAAB7 /* ShellScript */,
			);
			buildRules = (
			);
			dependencies = (
			);
			name = Checkitout;
			productName = Checkitout;
			productReference = 463806291E5D35DD00BD117F /* Checkitout.app */;
			productType = "com.apple.product-type.application";
		};
/* End PBXNativeTarget section */

/* Begin PBXProject section */
		463806211E5D35DD00BD117F /* Project object */ = {
			isa = PBXProject;
			attributes = {
				LastSwiftUpdateCheck = 0820;
				LastUpgradeCheck = 1120;
				ORGANIZATIONNAME = touyou;
				TargetAttributes = {
					463806281E5D35DD00BD117F = {
						CreatedOnToolsVersion = 8.2.1;
						DevelopmentTeam = B4S4333JDW;
						LastSwiftMigration = 1120;
						ProvisioningStyle = Automatic;
					};
				};
			};
			buildConfigurationList = 463806241E5D35DD00BD117F /* Build configuration list for PBXProject "Checkitout" */;
			compatibilityVersion = "Xcode 3.2";
			developmentRegion = en;
			hasScannedForEncodings = 0;
			knownRegions = (
				en,
				Base,
			);
			mainGroup = 463806201E5D35DD00BD117F;
			productRefGroup = 4638062A1E5D35DD00BD117F /* Products */;
			projectDirPath = "";
			projectRoot = "";
			targets = (
				463806281E5D35DD00BD117F /* Checkitout */,
			);
		};
/* End PBXProject section */

/* Begin PBXResourcesBuildPhase section */
		463806271E5D35DD00BD117F /* Resources */ = {
			isa = PBXResourcesBuildPhase;
			buildActionMask = 2147483647;
			files = (
				467230B41E5E8C8600350F0F /* 2korekara_cut.wav in Resources */,
				467230B51E5E8C8600350F0F /* 3apuri_cut.wav in Resources */,
				467230C21E5E8C8600350F0F /* 16chekera_cut.wav in Resources */,
				467230B31E5E8C8600350F0F /* 1korekara_cut.wav in Resources */,
				467230BD1E5E8C8600350F0F /* 11yourname_cut.wav in Resources */,
				467230B71E5E8C8600350F0F /* 5suruze_cut.wav in Resources */,
				463806501E5D5C1C00BD117F /* logotypejp_mp_b_1.ttf in Resources */,
				463806481E5D3F1100BD117F /* touyou.wav in Resources */,
				463806371E5D35DD00BD117F /* LaunchScreen.storyboard in Resources */,
				467230BA1E5E8C8600350F0F /* 8minnnawo_cut.wav in Resources */,
				4638064A1E5D3F5200BD117F /* taguchi.wav in Resources */,
				467230BF1E5E8C8600350F0F /* 13menber_cut.wav in Resources */,
				467230BB1E5E8C8600350F0F /* 9rockon_cut.wav in Resources */,
				467230B61E5E8C8600350F0F /* 4setumei_cut.wav in Resources */,
				463806461E5D3F1100BD117F /* kirin.wav in Resources */,
				467230C01E5E8C8600350F0F /* 14menta-_cut.wav in Resources */,
				463806451E5D3F1100BD117F /* hosaka.wav in Resources */,
				467230B81E5E8C8600350F0F /* 6onsei_cut.wav in Resources */,
				467230BC1E5E8C8600350F0F /* 10korede_cut.wav in Resources */,
				463806341E5D35DD00BD117F /* Assets.xcassets in Resources */,
				463806321E5D35DD00BD117F /* Main.storyboard in Resources */,
				467230C11E5E8C8600350F0F /* 15minnade_cut.wav in Resources */,
				467230B91E5E8C8600350F0F /* 7rokuon_cut.wav in Resources */,
				467230BE1E5E8C8600350F0F /* 12todoroku_cut.wav in Resources */,
			);
			runOnlyForDeploymentPostprocessing = 0;
		};
/* End PBXResourcesBuildPhase section */

/* Begin PBXShellScriptBuildPhase section */
		463C44C41E5E9166009FAAB7 /* ShellScript */ = {
			isa = PBXShellScriptBuildPhase;
			buildActionMask = 2147483647;
			files = (
			);
			inputPaths = (
				"$(SRCROOT)/Carthage/Build/iOS/EZAudioiOS.framework",
				"$(SRCROOT)/Carthage/Build/iOS/RealmSwift.framework",
				"$(SRCROOT)/Carthage/Build/iOS/Realm.framework",
			);
			outputPaths = (
			);
			runOnlyForDeploymentPostprocessing = 0;
			shellPath = /bin/sh;
			shellScript = "/usr/local/bin/carthage copy-frameworks";
		};
/* End PBXShellScriptBuildPhase section */

/* Begin PBXSourcesBuildPhase section */
		463806251E5D35DD00BD117F /* Sources */ = {
			isa = PBXSourcesBuildPhase;
			buildActionMask = 2147483647;
			files = (
				463806651E5E7CBD00BD117F /* FileReader.swift in Sources */,
				4638062F1E5D35DD00BD117F /* MainViewController.swift in Sources */,
				463806641E5E7CBD00BD117F /* Filer.swift in Sources */,
				463806631E5E7CBD00BD117F /* File.swift in Sources */,
				463806541E5D673300BD117F /* CustomTableViewCell.swift in Sources */,
				465E3DE61E61C60000DFE979 /* SoundData.swift in Sources */,
				463806661E5E7CBD00BD117F /* FileWriter.swift in Sources */,
				4638062D1E5D35DD00BD117F /* AppDelegate.swift in Sources */,
			);
			runOnlyForDeploymentPostprocessing = 0;
		};
/* End PBXSourcesBuildPhase section */

/* Begin PBXVariantGroup section */
		463806301E5D35DD00BD117F /* Main.storyboard */ = {
			isa = PBXVariantGroup;
			children = (
				463806311E5D35DD00BD117F /* Base */,
			);
			name = Main.storyboard;
			path = .;
			sourceTree = "<group>";
		};
		463806351E5D35DD00BD117F /* LaunchScreen.storyboard */ = {
			isa = PBXVariantGroup;
			children = (
				463806361E5D35DD00BD117F /* Base */,
			);
			name = LaunchScreen.storyboard;
			path = .;
			sourceTree = "<group>";
		};
/* End PBXVariantGroup section */

/* Begin XCBuildConfiguration section */
		463806391E5D35DD00BD117F /* Debug */ = {
			isa = XCBuildConfiguration;
			buildSettings = {
				ALWAYS_SEARCH_USER_PATHS = NO;
				CLANG_ANALYZER_LOCALIZABILITY_NONLOCALIZED = YES;
				CLANG_ANALYZER_NONNULL = YES;
				CLANG_CXX_LANGUAGE_STANDARD = "gnu++0x";
				CLANG_CXX_LIBRARY = "libc++";
				CLANG_ENABLE_MODULES = YES;
				CLANG_ENABLE_OBJC_ARC = YES;
				CLANG_WARN_BLOCK_CAPTURE_AUTORELEASING = YES;
				CLANG_WARN_BOOL_CONVERSION = YES;
				CLANG_WARN_COMMA = YES;
				CLANG_WARN_CONSTANT_CONVERSION = YES;
				CLANG_WARN_DEPRECATED_OBJC_IMPLEMENTATIONS = YES;
				CLANG_WARN_DIRECT_OBJC_ISA_USAGE = YES_ERROR;
				CLANG_WARN_DOCUMENTATION_COMMENTS = YES;
				CLANG_WARN_EMPTY_BODY = YES;
				CLANG_WARN_ENUM_CONVERSION = YES;
				CLANG_WARN_INFINITE_RECURSION = YES;
				CLANG_WARN_INT_CONVERSION = YES;
				CLANG_WARN_NON_LITERAL_NULL_CONVERSION = YES;
				CLANG_WARN_OBJC_IMPLICIT_RETAIN_SELF = YES;
				CLANG_WARN_OBJC_LITERAL_CONVERSION = YES;
				CLANG_WARN_OBJC_ROOT_CLASS = YES_ERROR;
				CLANG_WARN_RANGE_LOOP_ANALYSIS = YES;
				CLANG_WARN_STRICT_PROTOTYPES = YES;
				CLANG_WARN_SUSPICIOUS_MOVE = YES;
				CLANG_WARN_UNREACHABLE_CODE = YES;
				CLANG_WARN__DUPLICATE_METHOD_MATCH = YES;
				"CODE_SIGN_IDENTITY[sdk=iphoneos*]" = "iPhone Developer";
				COPY_PHASE_STRIP = NO;
				DEBUG_INFORMATION_FORMAT = dwarf;
				ENABLE_STRICT_OBJC_MSGSEND = YES;
				ENABLE_TESTABILITY = YES;
				GCC_C_LANGUAGE_STANDARD = gnu99;
				GCC_DYNAMIC_NO_PIC = NO;
				GCC_NO_COMMON_BLOCKS = YES;
				GCC_OPTIMIZATION_LEVEL = 0;
				GCC_PREPROCESSOR_DEFINITIONS = (
					"DEBUG=1",
					"$(inherited)",
				);
				GCC_WARN_64_TO_32_BIT_CONVERSION = YES;
				GCC_WARN_ABOUT_RETURN_TYPE = YES_ERROR;
				GCC_WARN_UNDECLARED_SELECTOR = YES;
				GCC_WARN_UNINITIALIZED_AUTOS = YES_AGGRESSIVE;
				GCC_WARN_UNUSED_FUNCTION = YES;
				GCC_WARN_UNUSED_VARIABLE = YES;
				IPHONEOS_DEPLOYMENT_TARGET = 10.2;
				MTL_ENABLE_DEBUG_INFO = YES;
				ONLY_ACTIVE_ARCH = YES;
				SDKROOT = iphoneos;
				SWIFT_ACTIVE_COMPILATION_CONDITIONS = DEBUG;
				SWIFT_OPTIMIZATION_LEVEL = "-Onone";
			};
			name = Debug;
		};
		4638063A1E5D35DD00BD117F /* Release */ = {
			isa = XCBuildConfiguration;
			buildSettings = {
				ALWAYS_SEARCH_USER_PATHS = NO;
				CLANG_ANALYZER_LOCALIZABILITY_NONLOCALIZED = YES;
				CLANG_ANALYZER_NONNULL = YES;
				CLANG_CXX_LANGUAGE_STANDARD = "gnu++0x";
				CLANG_CXX_LIBRARY = "libc++";
				CLANG_ENABLE_MODULES = YES;
				CLANG_ENABLE_OBJC_ARC = YES;
				CLANG_WARN_BLOCK_CAPTURE_AUTORELEASING = YES;
				CLANG_WARN_BOOL_CONVERSION = YES;
				CLANG_WARN_COMMA = YES;
				CLANG_WARN_CONSTANT_CONVERSION = YES;
				CLANG_WARN_DEPRECATED_OBJC_IMPLEMENTATIONS = YES;
				CLANG_WARN_DIRECT_OBJC_ISA_USAGE = YES_ERROR;
				CLANG_WARN_DOCUMENTATION_COMMENTS = YES;
				CLANG_WARN_EMPTY_BODY = YES;
				CLANG_WARN_ENUM_CONVERSION = YES;
				CLANG_WARN_INFINITE_RECURSION = YES;
				CLANG_WARN_INT_CONVERSION = YES;
				CLANG_WARN_NON_LITERAL_NULL_CONVERSION = YES;
				CLANG_WARN_OBJC_IMPLICIT_RETAIN_SELF = YES;
				CLANG_WARN_OBJC_LITERAL_CONVERSION = YES;
				CLANG_WARN_OBJC_ROOT_CLASS = YES_ERROR;
				CLANG_WARN_RANGE_LOOP_ANALYSIS = YES;
				CLANG_WARN_STRICT_PROTOTYPES = YES;
				CLANG_WARN_SUSPICIOUS_MOVE = YES;
				CLANG_WARN_UNREACHABLE_CODE = YES;
				CLANG_WARN__DUPLICATE_METHOD_MATCH = YES;
				"CODE_SIGN_IDENTITY[sdk=iphoneos*]" = "iPhone Developer";
				COPY_PHASE_STRIP = NO;
				DEBUG_INFORMATION_FORMAT = "dwarf-with-dsym";
				ENABLE_NS_ASSERTIONS = NO;
				ENABLE_STRICT_OBJC_MSGSEND = YES;
				GCC_C_LANGUAGE_STANDARD = gnu99;
				GCC_NO_COMMON_BLOCKS = YES;
				GCC_WARN_64_TO_32_BIT_CONVERSION = YES;
				GCC_WARN_ABOUT_RETURN_TYPE = YES_ERROR;
				GCC_WARN_UNDECLARED_SELECTOR = YES;
				GCC_WARN_UNINITIALIZED_AUTOS = YES_AGGRESSIVE;
				GCC_WARN_UNUSED_FUNCTION = YES;
				GCC_WARN_UNUSED_VARIABLE = YES;
				IPHONEOS_DEPLOYMENT_TARGET = 10.2;
				MTL_ENABLE_DEBUG_INFO = NO;
				SDKROOT = iphoneos;
				SWIFT_OPTIMIZATION_LEVEL = "-Owholemodule";
				VALIDATE_PRODUCT = YES;
			};
			name = Release;
		};
		4638063C1E5D35DD00BD117F /* Debug */ = {
			isa = XCBuildConfiguration;
			buildSettings = {
				ASSETCATALOG_COMPILER_APPICON_NAME = AppIcon;
				CURRENT_PROJECT_VERSION = 1.0.5.0;
				DEVELOPMENT_TEAM = B4S4333JDW;
				FRAMEWORK_SEARCH_PATHS = (
					"$(inherited)",
					"$(PROJECT_DIR)/Carthage/Build/iOS",
				);
				INFOPLIST_FILE = Checkitout/Info.plist;
				IPHONEOS_DEPLOYMENT_TARGET = 9.0;
				LD_RUNPATH_SEARCH_PATHS = "$(inherited) @executable_path/Frameworks";
				MARKETING_VERSION = 1.0.5;
				PRODUCT_BUNDLE_IDENTIFIER = com.dev.touyou.Checkitout;
				PRODUCT_NAME = "$(TARGET_NAME)";
				SWIFT_SWIFT3_OBJC_INFERENCE = On;
				SWIFT_VERSION = 5.0;
				TARGETED_DEVICE_FAMILY = 1;
			};
			name = Debug;
		};
		4638063D1E5D35DD00BD117F /* Release */ = {
			isa = XCBuildConfiguration;
			buildSettings = {
				ASSETCATALOG_COMPILER_APPICON_NAME = AppIcon;
				CURRENT_PROJECT_VERSION = 1.0.5.0;
				DEVELOPMENT_TEAM = B4S4333JDW;
				FRAMEWORK_SEARCH_PATHS = (
					"$(inherited)",
					"$(PROJECT_DIR)/Carthage/Build/iOS",
				);
				INFOPLIST_FILE = Checkitout/Info.plist;
				IPHONEOS_DEPLOYMENT_TARGET = 9.0;
				LD_RUNPATH_SEARCH_PATHS = "$(inherited) @executable_path/Frameworks";
				MARKETING_VERSION = 1.0.5;
				PRODUCT_BUNDLE_IDENTIFIER = com.dev.touyou.Checkitout;
				PRODUCT_NAME = "$(TARGET_NAME)";
				SWIFT_SWIFT3_OBJC_INFERENCE = On;
				SWIFT_VERSION = 5.0;
				TARGETED_DEVICE_FAMILY = 1;
			};
			name = Release;
		};
/* End XCBuildConfiguration section */

/* Begin XCConfigurationList section */
		463806241E5D35DD00BD117F /* Build configuration list for PBXProject "Checkitout" */ = {
			isa = XCConfigurationList;
			buildConfigurations = (
				463806391E5D35DD00BD117F /* Debug */,
				4638063A1E5D35DD00BD117F /* Release */,
			);
			defaultConfigurationIsVisible = 0;
			defaultConfigurationName = Release;
		};
		4638063B1E5D35DD00BD117F /* Build configuration list for PBXNativeTarget "Checkitout" */ = {
			isa = XCConfigurationList;
			buildConfigurations = (
				4638063C1E5D35DD00BD117F /* Debug */,
				4638063D1E5D35DD00BD117F /* Release */,
			);
			defaultConfigurationIsVisible = 0;
			defaultConfigurationName = Release;
		};
/* End XCConfigurationList section */
	};
	rootObject = 463806211E5D35DD00BD117F /* Project object */;
}
